{
  "version": 4,
  "terraform_version": "0.14.7",
  "serial": 21,
  "lineage": "2b879da1-f0b0-f7a8-dc0b-fa01e70a0342",
  "outputs": {},
  "resources": [
    {
      "module": "module.mod_resourcegroup",
      "mode": "managed",
      "type": "azurerm_resource_group",
      "name": "resourcegroup1",
      "provider": "provider[\"registry.terraform.io/hashicorp/azurerm\"]",
      "instances": [
        {
          "schema_version": 0,
          "attributes": {
            "id": "/subscriptions/6f9eacc5-e47f-42d7-93a6-f5f171e85861/resourceGroups/terraform1-rg",
            "location": "australiaeast",
            "name": "terraform1-rg",
            "tags": null,
            "timeouts": null
          },
          "sensitive_attributes": [],
          "private": "eyJlMmJmYjczMC1lY2FhLTExZTYtOGY4OC0zNDM2M2JjN2M0YzAiOnsiY3JlYXRlIjo1NDAwMDAwMDAwMDAwLCJkZWxldGUiOjU0MDAwMDAwMDAwMDAsInJlYWQiOjMwMDAwMDAwMDAwMCwidXBkYXRlIjo1NDAwMDAwMDAwMDAwfX0="
        }
      ]
    },
    {
      "module": "module.mod_storageaccount1",
      "mode": "managed",
      "type": "azurerm_storage_account",
      "name": "storageaccount1",
      "provider": "provider[\"registry.terraform.io/hashicorp/azurerm\"]",
      "instances": [
        {
          "schema_version": 2,
          "attributes": {
            "access_tier": "Hot",
            "account_kind": "StorageV2",
            "account_replication_type": "LRS",
            "account_tier": "Standard",
            "allow_blob_public_access": false,
            "blob_properties": [],
            "custom_domain": [],
            "enable_https_traffic_only": true,
            "id": "/subscriptions/6f9eacc5-e47f-42d7-93a6-f5f171e85861/resourceGroups/terraform1-rg/providers/Microsoft.Storage/storageAccounts/terredstorage123",
            "identity": [],
            "is_hns_enabled": false,
            "large_file_share_enabled": null,
            "location": "australiaeast",
            "min_tls_version": "TLS1_0",
            "name": "terredstorage123",
            "network_rules": [
              {
                "bypass": [
                  "AzureServices"
                ],
                "default_action": "Allow",
                "ip_rules": [],
                "virtual_network_subnet_ids": []
              }
            ],
            "primary_access_key": "DogWDElFz/MCASRpuA8NSdz5h+ijrHZPhOH//FqojnW/XhX15Psei5wvm1xIEmCUzPFY2XC2u3NGmclZfndxgA==",
            "primary_blob_connection_string": "DefaultEndpointsProtocol=https;BlobEndpoint=https://terredstorage123.blob.core.windows.net/;AccountName=terredstorage123;AccountKey=DogWDElFz/MCASRpuA8NSdz5h+ijrHZPhOH//FqojnW/XhX15Psei5wvm1xIEmCUzPFY2XC2u3NGmclZfndxgA==",
            "primary_blob_endpoint": "https://terredstorage123.blob.core.windows.net/",
            "primary_blob_host": "terredstorage123.blob.core.windows.net",
            "primary_connection_string": "DefaultEndpointsProtocol=https;AccountName=terredstorage123;AccountKey=DogWDElFz/MCASRpuA8NSdz5h+ijrHZPhOH//FqojnW/XhX15Psei5wvm1xIEmCUzPFY2XC2u3NGmclZfndxgA==;EndpointSuffix=core.windows.net",
            "primary_dfs_endpoint": "https://terredstorage123.dfs.core.windows.net/",
            "primary_dfs_host": "terredstorage123.dfs.core.windows.net",
            "primary_file_endpoint": "https://terredstorage123.file.core.windows.net/",
            "primary_file_host": "terredstorage123.file.core.windows.net",
            "primary_location": "australiaeast",
            "primary_queue_endpoint": "https://terredstorage123.queue.core.windows.net/",
            "primary_queue_host": "terredstorage123.queue.core.windows.net",
            "primary_table_endpoint": "https://terredstorage123.table.core.windows.net/",
            "primary_table_host": "terredstorage123.table.core.windows.net",
            "primary_web_endpoint": "https://terredstorage123.z8.web.core.windows.net/",
            "primary_web_host": "terredstorage123.z8.web.core.windows.net",
            "queue_properties": [
              {
                "cors_rule": [],
                "hour_metrics": [
                  {
                    "enabled": true,
                    "include_apis": true,
                    "retention_policy_days": 7,
                    "version": "1.0"
                  }
                ],
                "logging": [
                  {
                    "delete": false,
                    "read": false,
                    "retention_policy_days": 0,
                    "version": "1.0",
                    "write": false
                  }
                ],
                "minute_metrics": [
                  {
                    "enabled": false,
                    "include_apis": false,
                    "retention_policy_days": 0,
                    "version": "1.0"
                  }
                ]
              }
            ],
            "resource_group_name": "terraform1-rg",
            "secondary_access_key": "RJ8s6fAdnwG/AeqBSQacnpQ7mN1132u7lQKnKXtQ1Y0Z0fMc/lNyVsCipVEzBwDV8feMVgkuNPrOTn6ea7XVZw==",
            "secondary_blob_connection_string": "",
            "secondary_blob_endpoint": null,
            "secondary_blob_host": null,
            "secondary_connection_string": "DefaultEndpointsProtocol=https;AccountName=terredstorage123;AccountKey=RJ8s6fAdnwG/AeqBSQacnpQ7mN1132u7lQKnKXtQ1Y0Z0fMc/lNyVsCipVEzBwDV8feMVgkuNPrOTn6ea7XVZw==;EndpointSuffix=core.windows.net",
            "secondary_dfs_endpoint": null,
            "secondary_dfs_host": null,
            "secondary_file_endpoint": null,
            "secondary_file_host": null,
            "secondary_location": "",
            "secondary_queue_endpoint": null,
            "secondary_queue_host": null,
            "secondary_table_endpoint": null,
            "secondary_table_host": null,
            "secondary_web_endpoint": null,
            "secondary_web_host": null,
            "static_website": [],
            "tags": null,
            "timeouts": null
          },
          "sensitive_attributes": [],
          "private": "eyJlMmJmYjczMC1lY2FhLTExZTYtOGY4OC0zNDM2M2JjN2M0YzAiOnsiY3JlYXRlIjozNjAwMDAwMDAwMDAwLCJkZWxldGUiOjM2MDAwMDAwMDAwMDAsInJlYWQiOjMwMDAwMDAwMDAwMCwidXBkYXRlIjozNjAwMDAwMDAwMDAwfSwic2NoZW1hX3ZlcnNpb24iOiIyIn0=",
          "dependencies": [
            "module.mod_resourcegroup.azurerm_resource_group.resourcegroup1"
          ]
        }
      ]
    },
    {
      "module": "module.mod_vm1",
      "mode": "managed",
      "type": "azurerm_network_interface",
      "name": "nic",
      "provider": "provider[\"registry.terraform.io/hashicorp/azurerm\"]",
      "instances": [
        {
          "schema_version": 0,
          "attributes": {
            "applied_dns_servers": [],
            "dns_servers": [],
            "enable_accelerated_networking": false,
            "enable_ip_forwarding": false,
            "id": "/subscriptions/6f9eacc5-e47f-42d7-93a6-f5f171e85861/resourceGroups/terraform1-rg/providers/Microsoft.Network/networkInterfaces/vm1-nic",
            "internal_dns_name_label": "",
            "internal_domain_name_suffix": "dw2bmsfubx0ure0eecgkflcp2b.px.internal.cloudapp.net",
            "ip_configuration": [
              {
                "name": "internal",
                "primary": true,
                "private_ip_address": "10.10.1.4",
                "private_ip_address_allocation": "Dynamic",
                "private_ip_address_version": "IPv4",
                "public_ip_address_id": "",
                "subnet_id": "/subscriptions/6f9eacc5-e47f-42d7-93a6-f5f171e85861/resourceGroups/terraform1-rg/providers/Microsoft.Network/virtualNetworks/example-vnet/subnets/subnet1"
              }
            ],
            "location": "australiaeast",
            "mac_address": "",
            "name": "vm1-nic",
            "private_ip_address": "10.10.1.4",
            "private_ip_addresses": [
              "10.10.1.4"
            ],
            "resource_group_name": "terraform1-rg",
            "tags": null,
            "timeouts": null,
            "virtual_machine_id": ""
          },
          "sensitive_attributes": [],
          "private": "eyJlMmJmYjczMC1lY2FhLTExZTYtOGY4OC0zNDM2M2JjN2M0YzAiOnsiY3JlYXRlIjoxODAwMDAwMDAwMDAwLCJkZWxldGUiOjE4MDAwMDAwMDAwMDAsInJlYWQiOjMwMDAwMDAwMDAwMCwidXBkYXRlIjoxODAwMDAwMDAwMDAwfX0=",
          "dependencies": [
            "module.mod_resourcegroup.azurerm_resource_group.resourcegroup1",
            "module.mod_vnet1.azurerm_subnet.subnet1",
            "module.mod_vnet1.azurerm_virtual_network.vnet1"
          ]
        }
      ]
    },
    {
      "module": "module.mod_vm1",
      "mode": "managed",
      "type": "azurerm_windows_virtual_machine",
      "name": "vm",
      "provider": "provider[\"registry.terraform.io/hashicorp/azurerm\"]",
      "instances": [
        {
          "schema_version": 0,
          "attributes": {
            "additional_capabilities": [],
            "additional_unattend_content": [],
            "admin_password": "Welcome012345",
            "admin_username": "vm1admin",
            "allow_extension_operations": true,
            "availability_set_id": "",
            "boot_diagnostics": [],
            "computer_name": "vm1",
            "custom_data": null,
            "dedicated_host_id": "",
            "enable_automatic_updates": true,
            "encryption_at_host_enabled": false,
            "eviction_policy": "",
            "extensions_time_budget": "PT1H30M",
            "id": "/subscriptions/6f9eacc5-e47f-42d7-93a6-f5f171e85861/resourceGroups/terraform1-rg/providers/Microsoft.Compute/virtualMachines/vm1",
            "identity": [],
            "license_type": "",
            "location": "australiaeast",
            "max_bid_price": -1,
            "name": "vm1",
            "network_interface_ids": [
              "/subscriptions/6f9eacc5-e47f-42d7-93a6-f5f171e85861/resourceGroups/terraform1-rg/providers/Microsoft.Network/networkInterfaces/vm1-nic"
            ],
            "os_disk": [
              {
                "caching": "ReadWrite",
                "diff_disk_settings": [],
                "disk_encryption_set_id": "",
                "disk_size_gb": 127,
                "name": "vm1_OsDisk_1_2be1f17cd56e46d1947a9691838ead33",
                "storage_account_type": "Standard_LRS",
                "write_accelerator_enabled": false
              }
            ],
            "patch_mode": "AutomaticByOS",
            "plan": [],
            "priority": "Regular",
            "private_ip_address": "10.10.1.4",
            "private_ip_addresses": [
              "10.10.1.4"
            ],
            "provision_vm_agent": true,
            "proximity_placement_group_id": "",
            "public_ip_address": "",
            "public_ip_addresses": [],
            "resource_group_name": "terraform1-rg",
            "secret": [],
            "size": "Standard_D2_v3",
            "source_image_id": "",
            "source_image_reference": [
              {
                "offer": "WindowsServer",
                "publisher": "MicrosoftWindowsServer",
                "sku": "2016-Datacenter",
                "version": "latest"
              }
            ],
            "tags": null,
            "timeouts": null,
            "timezone": "",
            "virtual_machine_id": "6a5c397b-0e96-4ab9-9f25-415a36369a19",
            "virtual_machine_scale_set_id": "",
            "winrm_listener": [],
            "zone": ""
          },
          "sensitive_attributes": [],
          "private": "eyJlMmJmYjczMC1lY2FhLTExZTYtOGY4OC0zNDM2M2JjN2M0YzAiOnsiY3JlYXRlIjoyNzAwMDAwMDAwMDAwLCJkZWxldGUiOjI3MDAwMDAwMDAwMDAsInJlYWQiOjMwMDAwMDAwMDAwMCwidXBkYXRlIjoyNzAwMDAwMDAwMDAwfX0=",
          "dependencies": [
            "module.mod_resourcegroup.azurerm_resource_group.resourcegroup1",
            "module.mod_vm1.azurerm_network_interface.nic",
            "module.mod_vnet1.azurerm_subnet.subnet1",
            "module.mod_vnet1.azurerm_virtual_network.vnet1"
          ]
        }
      ]
    },
    {
      "module": "module.mod_vnet1",
      "mode": "managed",
      "type": "azurerm_subnet",
      "name": "subnet1",
      "provider": "provider[\"registry.terraform.io/hashicorp/azurerm\"]",
      "instances": [
        {
          "schema_version": 0,
          "attributes": {
            "address_prefix": "10.10.1.0/24",
            "address_prefixes": [
              "10.10.1.0/24"
            ],
            "delegation": [],
            "enforce_private_link_endpoint_network_policies": false,
            "enforce_private_link_service_network_policies": false,
            "id": "/subscriptions/6f9eacc5-e47f-42d7-93a6-f5f171e85861/resourceGroups/terraform1-rg/providers/Microsoft.Network/virtualNetworks/example-vnet/subnets/subnet1",
            "name": "subnet1",
            "resource_group_name": "terraform1-rg",
            "service_endpoint_policy_ids": null,
            "service_endpoints": null,
            "timeouts": null,
            "virtual_network_name": "example-vnet"
          },
          "sensitive_attributes": [],
          "private": "eyJlMmJmYjczMC1lY2FhLTExZTYtOGY4OC0zNDM2M2JjN2M0YzAiOnsiY3JlYXRlIjoxODAwMDAwMDAwMDAwLCJkZWxldGUiOjE4MDAwMDAwMDAwMDAsInJlYWQiOjMwMDAwMDAwMDAwMCwidXBkYXRlIjoxODAwMDAwMDAwMDAwfX0=",
          "dependencies": [
            "module.mod_resourcegroup.azurerm_resource_group.resourcegroup1",
            "module.mod_vnet1.azurerm_virtual_network.vnet1"
          ]
        }
      ]
    },
    {
      "module": "module.mod_vnet1",
      "mode": "managed",
      "type": "azurerm_virtual_network",
      "name": "vnet1",
      "provider": "provider[\"registry.terraform.io/hashicorp/azurerm\"]",
      "instances": [
        {
          "schema_version": 0,
          "attributes": {
            "address_space": [
              "10.10.0.0/16"
            ],
            "bgp_community": "",
            "ddos_protection_plan": [],
            "dns_servers": null,
            "guid": "4816b81d-0db4-48f5-9344-208ca2ac4fe1",
            "id": "/subscriptions/6f9eacc5-e47f-42d7-93a6-f5f171e85861/resourceGroups/terraform1-rg/providers/Microsoft.Network/virtualNetworks/example-vnet",
            "location": "australiaeast",
            "name": "example-vnet",
            "resource_group_name": "terraform1-rg",
            "subnet": [],
            "tags": null,
            "timeouts": null,
            "vm_protection_enabled": false
          },
          "sensitive_attributes": [],
          "private": "eyJlMmJmYjczMC1lY2FhLTExZTYtOGY4OC0zNDM2M2JjN2M0YzAiOnsiY3JlYXRlIjoxODAwMDAwMDAwMDAwLCJkZWxldGUiOjE4MDAwMDAwMDAwMDAsInJlYWQiOjMwMDAwMDAwMDAwMCwidXBkYXRlIjoxODAwMDAwMDAwMDAwfX0=",
          "dependencies": [
            "module.mod_resourcegroup.azurerm_resource_group.resourcegroup1"
          ]
        }
      ]
    }
  ]
}
